
Microsoft Visual Studio Solution File, Format Version 12.00
# Visual Studio Version 17
VisualStudioVersion = 17.0.31903.59
MinimumVisualStudioVersion = 10.0.40219.1
Project("{FAE04EC0-301F-11D3-BF4B-00C04F79EFBC}") = "ECommerce.Domain", "ECommerce.Domain\ECommerce.Domain.csproj", "{F5D40CB9-2953-41DE-8278-12FD14D49B0E}"
EndProject
Project("{FAE04EC0-301F-11D3-BF4B-00C04F79EFBC}") = "ECommerce.Application", "ECommerce.Application\ECommerce.Application.csproj", "{F62DF7D6-342F-46CC-A8E2-FA79D290E35B}"
EndProject
Project("{FAE04EC0-301F-11D3-BF4B-00C04F79EFBC}") = "ECommerce.Infrastructure", "ECommerce.Infrastructure\ECommerce.Infrastructure.csproj", "{814D4782-C251-4084-A2C5-704C88E06BE0}"
EndProject
Project("{FAE04EC0-301F-11D3-BF4B-00C04F79EFBC}") = "ECommerce.API", "ECommerce.API\ECommerce.API.csproj", "{E2673BE2-A3EC-4BA8-B0B1-22945A7BAC0E}"
EndProject
Global
	GlobalSection(SolutionConfigurationPlatforms) = preSolution
		Debug|Any CPU = Debug|Any CPU
		Debug|x64 = Debug|x64
		Debug|x86 = Debug|x86
		Release|Any CPU = Release|Any CPU
		Release|x64 = Release|x64
		Release|x86 = Release|x86
	EndGlobalSection
	GlobalSection(ProjectConfigurationPlatforms) = postSolution
		{F5D40CB9-2953-41DE-8278-12FD14D49B0E}.Debug|Any CPU.ActiveCfg = Debug|Any CPU
		{F5D40CB9-2953-41DE-8278-12FD14D49B0E}.Debug|Any CPU.Build.0 = Debug|Any CPU
		{F5D40CB9-2953-41DE-8278-12FD14D49B0E}.Debug|x64.ActiveCfg = Debug|Any CPU
		{F5D40CB9-2953-41DE-8278-12FD14D49B0E}.Debug|x64.Build.0 = Debug|Any CPU
		{F5D40CB9-2953-41DE-8278-12FD14D49B0E}.Debug|x86.ActiveCfg = Debug|Any CPU
		{F5D40CB9-2953-41DE-8278-12FD14D49B0E}.Debug|x86.Build.0 = Debug|Any CPU
		{F5D40CB9-2953-41DE-8278-12FD14D49B0E}.Release|Any CPU.ActiveCfg = Release|Any CPU
		{F5D40CB9-2953-41DE-8278-12FD14D49B0E}.Release|Any CPU.Build.0 = Release|Any CPU
		{F5D40CB9-2953-41DE-8278-12FD14D49B0E}.Release|x64.ActiveCfg = Release|Any CPU
		{F5D40CB9-2953-41DE-8278-12FD14D49B0E}.Release|x64.Build.0 = Release|Any CPU
		{F5D40CB9-2953-41DE-8278-12FD14D49B0E}.Release|x86.ActiveCfg = Release|Any CPU
		{F5D40CB9-2953-41DE-8278-12FD14D49B0E}.Release|x86.Build.0 = Release|Any CPU
		{F62DF7D6-342F-46CC-A8E2-FA79D290E35B}.Debug|Any CPU.ActiveCfg = Debug|Any CPU
		{F62DF7D6-342F-46CC-A8E2-FA79D290E35B}.Debug|Any CPU.Build.0 = Debug|Any CPU
		{F62DF7D6-342F-46CC-A8E2-FA79D290E35B}.Debug|x64.ActiveCfg = Debug|Any CPU
		{F62DF7D6-342F-46CC-A8E2-FA79D290E35B}.Debug|x64.Build.0 = Debug|Any CPU
		{F62DF7D6-342F-46CC-A8E2-FA79D290E35B}.Debug|x86.ActiveCfg = Debug|Any CPU
		{F62DF7D6-342F-46CC-A8E2-FA79D290E35B}.Debug|x86.Build.0 = Debug|Any CPU
		{F62DF7D6-342F-46CC-A8E2-FA79D290E35B}.Release|Any CPU.ActiveCfg = Release|Any CPU
		{F62DF7D6-342F-46CC-A8E2-FA79D290E35B}.Release|Any CPU.Build.0 = Release|Any CPU
		{F62DF7D6-342F-46CC-A8E2-FA79D290E35B}.Release|x64.ActiveCfg = Release|Any CPU
		{F62DF7D6-342F-46CC-A8E2-FA79D290E35B}.Release|x64.Build.0 = Release|Any CPU
		{F62DF7D6-342F-46CC-A8E2-FA79D290E35B}.Release|x86.ActiveCfg = Release|Any CPU
		{F62DF7D6-342F-46CC-A8E2-FA79D290E35B}.Release|x86.Build.0 = Release|Any CPU
		{814D4782-C251-4084-A2C5-704C88E06BE0}.Debug|Any CPU.ActiveCfg = Debug|Any CPU
		{814D4782-C251-4084-A2C5-704C88E06BE0}.Debug|Any CPU.Build.0 = Debug|Any CPU
		{814D4782-C251-4084-A2C5-704C88E06BE0}.Debug|x64.ActiveCfg = Debug|Any CPU
		{814D4782-C251-4084-A2C5-704C88E06BE0}.Debug|x64.Build.0 = Debug|Any CPU
		{814D4782-C251-4084-A2C5-704C88E06BE0}.Debug|x86.ActiveCfg = Debug|Any CPU
		{814D4782-C251-4084-A2C5-704C88E06BE0}.Debug|x86.Build.0 = Debug|Any CPU
		{814D4782-C251-4084-A2C5-704C88E06BE0}.Release|Any CPU.ActiveCfg = Release|Any CPU
		{814D4782-C251-4084-A2C5-704C88E06BE0}.Release|Any CPU.Build.0 = Release|Any CPU
		{814D4782-C251-4084-A2C5-704C88E06BE0}.Release|x64.ActiveCfg = Release|Any CPU
		{814D4782-C251-4084-A2C5-704C88E06BE0}.Release|x64.Build.0 = Release|Any CPU
		{814D4782-C251-4084-A2C5-704C88E06BE0}.Release|x86.ActiveCfg = Release|Any CPU
		{814D4782-C251-4084-A2C5-704C88E06BE0}.Release|x86.Build.0 = Release|Any CPU
		{E2673BE2-A3EC-4BA8-B0B1-22945A7BAC0E}.Debug|Any CPU.ActiveCfg = Debug|Any CPU
		{E2673BE2-A3EC-4BA8-B0B1-22945A7BAC0E}.Debug|Any CPU.Build.0 = Debug|Any CPU
		{E2673BE2-A3EC-4BA8-B0B1-22945A7BAC0E}.Debug|x64.ActiveCfg = Debug|Any CPU
		{E2673BE2-A3EC-4BA8-B0B1-22945A7BAC0E}.Debug|x64.Build.0 = Debug|Any CPU
		{E2673BE2-A3EC-4BA8-B0B1-22945A7BAC0E}.Debug|x86.ActiveCfg = Debug|Any CPU
		{E2673BE2-A3EC-4BA8-B0B1-22945A7BAC0E}.Debug|x86.Build.0 = Debug|Any CPU
		{E2673BE2-A3EC-4BA8-B0B1-22945A7BAC0E}.Release|Any CPU.ActiveCfg = Release|Any CPU
		{E2673BE2-A3EC-4BA8-B0B1-22945A7BAC0E}.Release|Any CPU.Build.0 = Release|Any CPU
		{E2673BE2-A3EC-4BA8-B0B1-22945A7BAC0E}.Release|x64.ActiveCfg = Release|Any CPU
		{E2673BE2-A3EC-4BA8-B0B1-22945A7BAC0E}.Release|x64.Build.0 = Release|Any CPU
		{E2673BE2-A3EC-4BA8-B0B1-22945A7BAC0E}.Release|x86.ActiveCfg = Release|Any CPU
		{E2673BE2-A3EC-4BA8-B0B1-22945A7BAC0E}.Release|x86.Build.0 = Release|Any CPU
	EndGlobalSection
	GlobalSection(SolutionProperties) = preSolution
		HideSolutionNode = FALSE
	EndGlobalSection
EndGlobal
